
Microsoft Visual Studio Solution File, Format Version 12.00
# Visual Studio Version 16
VisualStudioVersion = 17.0.31611.283
MinimumVisualStudioVersion = 10.0.40219.1
Project("{9A19103F-16F7-4668-BE54-9A1E7A4F7556}") = "ThymeToPlant", "ThymeToPlant\ThymeToPlant.csproj", "{4439BF6B-2E5F-4145-A6F6-A5DE05FAA4FF}"
EndProject
Project("{FAE04EC0-301F-11D3-BF4B-00C04F79EFBC}") = "ThymeToTest", "ThymeToTest\ThymeToTest.csproj", "{93AD045E-608E-4334-8992-93A56F2F7DCF}"
EndProject
Global
	GlobalSection(SolutionConfigurationPlatforms) = preSolution
		Debug|Any CPU = Debug|Any CPU
		Release|Any CPU = Release|Any CPU
	EndGlobalSection
	GlobalSection(ProjectConfigurationPlatforms) = postSolution
		{4439BF6B-2E5F-4145-A6F6-A5DE05FAA4FF}.Debug|Any CPU.ActiveCfg = Debug|Any CPU
		{4439BF6B-2E5F-4145-A6F6-A5DE05FAA4FF}.Debug|Any CPU.Build.0 = Debug|Any CPU
		{4439BF6B-2E5F-4145-A6F6-A5DE05FAA4FF}.Debug|Any CPU.Deploy.0 = Debug|Any CPU
		{4439BF6B-2E5F-4145-A6F6-A5DE05FAA4FF}.Release|Any CPU.ActiveCfg = Release|Any CPU
		{4439BF6B-2E5F-4145-A6F6-A5DE05FAA4FF}.Release|Any CPU.Build.0 = Release|Any CPU
		{4439BF6B-2E5F-4145-A6F6-A5DE05FAA4FF}.Release|Any CPU.Deploy.0 = Release|Any CPU
		{93AD045E-608E-4334-8992-93A56F2F7DCF}.Debug|Any CPU.ActiveCfg = Debug|Any CPU
		{93AD045E-608E-4334-8992-93A56F2F7DCF}.Debug|Any CPU.Build.0 = Debug|Any CPU
		{93AD045E-608E-4334-8992-93A56F2F7DCF}.Release|Any CPU.ActiveCfg = Release|Any CPU
		{93AD045E-608E-4334-8992-93A56F2F7DCF}.Release|Any CPU.Build.0 = Release|Any CPU
	EndGlobalSection
	GlobalSection(SolutionProperties) = preSolution
		HideSolutionNode = FALSE
	EndGlobalSection
	GlobalSection(ExtensibilityGlobals) = postSolution
		SolutionGuid = {61F7FB11-1E47-470C-91E2-47F8143E1572}
	EndGlobalSection
EndGlobal
